
Microsoft Visual Studio Solution File, Format Version 12.00
# Visual Studio Version 16
VisualStudioVersion = 16.0.30002.166
MinimumVisualStudioVersion = 10.0.40219.1
Project("{FAE04EC0-301F-11D3-BF4B-00C04F79EFBC}") = "FinalExam_GurpartapGill", "FinalExam_GurpartapGill\FinalExam_GurpartapGill.csproj", "{552F1398-750F-4325-8C9C-857B5C2AC921}"
EndProject
Project("{FAE04EC0-301F-11D3-BF4B-00C04F79EFBC}") = "FinalExamWCFclient", "FinalExamWCFclient\FinalExamWCFclient.csproj", "{4176FA07-AD32-49BE-9DA3-236F184E1397}"
	ProjectSection(ProjectDependencies) = postProject
		{552F1398-750F-4325-8C9C-857B5C2AC921} = {552F1398-750F-4325-8C9C-857B5C2AC921}
	EndProjectSection
EndProject
Global
	GlobalSection(SolutionConfigurationPlatforms) = preSolution
		Debug|Any CPU = Debug|Any CPU
		Release|Any CPU = Release|Any CPU
	EndGlobalSection
	GlobalSection(ProjectConfigurationPlatforms) = postSolution
		{552F1398-750F-4325-8C9C-857B5C2AC921}.Debug|Any CPU.ActiveCfg = Debug|Any CPU
		{552F1398-750F-4325-8C9C-857B5C2AC921}.Debug|Any CPU.Build.0 = Debug|Any CPU
		{552F1398-750F-4325-8C9C-857B5C2AC921}.Release|Any CPU.ActiveCfg = Release|Any CPU
		{552F1398-750F-4325-8C9C-857B5C2AC921}.Release|Any CPU.Build.0 = Release|Any CPU
		{4176FA07-AD32-49BE-9DA3-236F184E1397}.Debug|Any CPU.ActiveCfg = Debug|Any CPU
		{4176FA07-AD32-49BE-9DA3-236F184E1397}.Debug|Any CPU.Build.0 = Debug|Any CPU
		{4176FA07-AD32-49BE-9DA3-236F184E1397}.Release|Any CPU.ActiveCfg = Release|Any CPU
		{4176FA07-AD32-49BE-9DA3-236F184E1397}.Release|Any CPU.Build.0 = Release|Any CPU
	EndGlobalSection
	GlobalSection(SolutionProperties) = preSolution
		HideSolutionNode = FALSE
	EndGlobalSection
	GlobalSection(ExtensibilityGlobals) = postSolution
		SolutionGuid = {E47B06D5-7ACB-40AE-B71A-727BFB13AFF4}
	EndGlobalSection
EndGlobal
